// !$*UTF8*$!
{
	archiveVersion = 1;
	classes = {
	};
	objectVersion = 50;
	objects = {

/* Begin PBXBuildFile section */
		184DECCA24D21ABB004247E1 /* AppDelegate.swift in Sources */ = {isa = PBXBuildFile; fileRef = 184DECC924D21ABB004247E1 /* AppDelegate.swift */; };
		184DECCC24D21ABB004247E1 /* SceneDelegate.swift in Sources */ = {isa = PBXBuildFile; fileRef = 184DECCB24D21ABB004247E1 /* SceneDelegate.swift */; };
		184DECCE24D21ABB004247E1 /* ViewController.swift in Sources */ = {isa = PBXBuildFile; fileRef = 184DECCD24D21ABB004247E1 /* ViewController.swift */; };
		184DECD124D21ABB004247E1 /* Main.storyboard in Resources */ = {isa = PBXBuildFile; fileRef = 184DECCF24D21ABB004247E1 /* Main.storyboard */; };
		184DECD324D21ABD004247E1 /* Assets.xcassets in Resources */ = {isa = PBXBuildFile; fileRef = 184DECD224D21ABD004247E1 /* Assets.xcassets */; };
		184DECD624D21ABD004247E1 /* LaunchScreen.storyboard in Resources */ = {isa = PBXBuildFile; fileRef = 184DECD424D21ABD004247E1 /* LaunchScreen.storyboard */; };
		184DECDE24D21B2F004247E1 /* start.txt in Resources */ = {isa = PBXBuildFile; fileRef = 184DECDD24D21B2F004247E1 /* start.txt */; };
/* End PBXBuildFile section */

/* Begin PBXFileReference section */
		184DECC624D21ABB004247E1 /* HangManGameDay41.app */ = {isa = PBXFileReference; explicitFileType = wrapper.application; includeInIndex = 0; path = HangManGameDay41.app; sourceTree = BUILT_PRODUCTS_DIR; };
		184DECC924D21ABB004247E1 /* AppDelegate.swift */ = {isa = PBXFileReference; lastKnownFileType = sourcecode.swift; path = AppDelegate.swift; sourceTree = "<group>"; };
		184DECCB24D21ABB004247E1 /* SceneDelegate.swift */ = {isa = PBXFileReference; lastKnownFileType = sourcecode.swift; path = SceneDelegate.swift; sourceTree = "<group>"; };
		184DECCD24D21ABB004247E1 /* ViewController.swift */ = {isa = PBXFileReference; lastKnownFileType = sourcecode.swift; path = ViewController.swift; sourceTree = "<group>"; };
		184DECD024D21ABB004247E1 /* Base */ = {isa = PBXFileReference; lastKnownFileType = file.storyboard; name = Base; path = Base.lproj/Main.storyboard; sourceTree = "<group>"; };
		184DECD224D21ABD004247E1 /* Assets.xcassets */ = {isa = PBXFileReference; lastKnownFileType = folder.assetcatalog; path = Assets.xcassets; sourceTree = "<group>"; };
		184DECD524D21ABD004247E1 /* Base */ = {isa = PBXFileReference; lastKnownFileType = file.storyboard; name = Base; path = Base.lproj/LaunchScreen.storyboard; sourceTree = "<group>"; };
		184DECD724D21ABD004247E1 /* Info.plist */ = {isa = PBXFileReference; lastKnownFileType = text.plist.xml; path = Info.plist; sourceTree = "<group>"; };
		184DECDD24D21B2F004247E1 /* start.txt */ = {isa = PBXFileReference; fileEncoding = 4; lastKnownFileType = text; path = start.txt; sourceTree = "<group>"; };
/* End PBXFileReference section */

/* Begin PBXFrameworksBuildPhase section */
		184DECC324D21ABB004247E1 /* Frameworks */ = {
			isa = PBXFrameworksBuildPhase;
			buildActionMask = 2147483647;
			files = (
			);
			runOnlyForDeploymentPostprocessing = 0;
		};
/* End PBXFrameworksBuildPhase section */

/* Begin PBXGroup section */
		184DECBD24D21ABB004247E1 = {
			isa = PBXGroup;
			children = (
				184DECC824D21ABB004247E1 /* HangManGameDay41 */,
				184DECC724D21ABB004247E1 /* Products */,
			);
			sourceTree = "<group>";
		};
		184DECC724D21ABB004247E1 /* Products */ = {
			isa = PBXGroup;
			children = (
				184DECC624D21ABB004247E1 /* HangManGameDay41.app */,
			);
			name = Products;
			sourceTree = "<group>";
		};
		184DECC824D21ABB004247E1 /* HangManGameDay41 */ = {
			isa = PBXGroup;
			children = (
				184DECC924D21ABB004247E1 /* AppDelegate.swift */,
				184DECCB24D21ABB004247E1 /* SceneDelegate.swift */,
				184DECCD24D21ABB004247E1 /* ViewController.swift */,
				184DECCF24D21ABB004247E1 /* Main.storyboard */,
				184DECD224D21ABD004247E1 /* Assets.xcassets */,
				184DECD424D21ABD004247E1 /* LaunchScreen.storyboard */,
				184DECD724D21ABD004247E1 /* Info.plist */,
				184DECDD24D21B2F004247E1 /* start.txt */,
			);
			path = HangManGameDay41;
			sourceTree = "<group>";
		};
/* End PBXGroup section */

/* Begin PBXNativeTarget section */
		184DECC524D21ABB004247E1 /* HangManGameDay41 */ = {
			isa = PBXNativeTarget;
			buildConfigurationList = 184DECDA24D21ABD004247E1 /* Build configuration list for PBXNativeTarget "HangManGameDay41" */;
			buildPhases = (
				184DECC224D21ABB004247E1 /* Sources */,
				184DECC324D21ABB004247E1 /* Frameworks */,
				184DECC424D21ABB004247E1 /* Resources */,
			);
			buildRules = (
			);
			dependencies = (
			);
			name = HangManGameDay41;
			productName = HangManGameDay41;
			productReference = 184DECC624D21ABB004247E1 /* HangManGameDay41.app */;
			productType = "com.apple.product-type.application";
		};
/* End PBXNativeTarget section */

/* Begin PBXProject section */
		184DECBE24D21ABB004247E1 /* Project object */ = {
			isa = PBXProject;
			attributes = {
				LastSwiftUpdateCheck = 1160;
				LastUpgradeCheck = 1160;
				ORGANIZATIONNAME = somfish;
				TargetAttributes = {
					184DECC524D21ABB004247E1 = {
						CreatedOnToolsVersion = 11.6;
					};
				};
			};
			buildConfigurationList = 184DECC124D21ABB004247E1 /* Build configuration list for PBXProject "HangManGameDay41" */;
			compatibilityVersion = "Xcode 9.3";
			developmentRegion = en;
			hasScannedForEncodings = 0;
			knownRegions = (
				en,
				Base,
			);
			mainGroup = 184DECBD24D21ABB004247E1;
			productRefGroup = 184DECC724D21ABB004247E1 /* Products */;
			projectDirPath = "";
			projectRoot = "";
			targets = (
				184DECC524D21ABB004247E1 /* HangManGameDay41 */,
			);
		};
/* End PBXProject section */

/* Begin PBXResourcesBuildPhase section */
		184DECC424D21ABB004247E1 /* Resources */ = {
			isa = PBXResourcesBuildPhase;
			buildActionMask = 2147483647;
			files = (
				184DECD624D21ABD004247E1 /* LaunchScreen.storyboard in Resources */,
				184DECDE24D21B2F004247E1 /* start.txt in Resources */,
				184DECD324D21ABD004247E1 /* Assets.xcassets in Resources */,
				184DECD124D21ABB004247E1 /* Main.storyboard in Resources */,
			);
			runOnlyForDeploymentPostprocessing = 0;
		};
/* End PBXResourcesBuildPhase section */

/* Begin PBXSourcesBuildPhase section */
		184DECC224D21ABB004247E1 /* Sources */ = {
			isa = PBXSourcesBuildPhase;
			buildActionMask = 2147483647;
			files = (
				184DECCE24D21ABB004247E1 /* ViewController.swift in Sources */,
				184DECCA24D21ABB004247E1 /* AppDelegate.swift in Sources */,
				184DECCC24D21ABB004247E1 /* SceneDelegate.swift in Sources */,
			);
			runOnlyForDeploymentPostprocessing = 0;
		};
/* End PBXSourcesBuildPhase section */

/* Begin PBXVariantGroup section */
		184DECCF24D21ABB004247E1 /* Main.storyboard */ = {
			isa = PBXVariantGroup;
			children = (
				184DECD024D21ABB004247E1 /* Base */,
			);
			name = Main.storyboard;
			sourceTree = "<group>";
		};
		184DECD424D21ABD004247E1 /* LaunchScreen.storyboard */ = {
			isa = PBXVariantGroup;
			children = (
				184DECD524D21ABD004247E1 /* Base */,
			);
			name = LaunchScreen.storyboard;
			sourceTree = "<group>";
		};
/* End PBXVariantGroup section */

/* Begin XCBuildConfiguration section */
		184DECD824D21ABD004247E1 /* Debug */ = {
			isa = XCBuildConfiguration;
			buildSettings = {
				ALWAYS_SEARCH_USER_PATHS = NO;
				CLANG_ANALYZER_NONNULL = YES;
				CLANG_ANALYZER_NUMBER_OBJECT_CONVERSION = YES_AGGRESSIVE;
				CLANG_CXX_LANGUAGE_STANDARD = "gnu++14";
				CLANG_CXX_LIBRARY = "libc++";
				CLANG_ENABLE_MODULES = YES;
				CLANG_ENABLE_OBJC_ARC = YES;
				CLANG_ENABLE_OBJC_WEAK = YES;
				CLANG_WARN_BLOCK_CAPTURE_AUTORELEASING = YES;
				CLANG_WARN_BOOL_CONVERSION = YES;
				CLANG_WARN_COMMA = YES;
				CLANG_WARN_CONSTANT_CONVERSION = YES;
				CLANG_WARN_DEPRECATED_OBJC_IMPLEMENTATIONS = YES;
				CLANG_WARN_DIRECT_OBJC_ISA_USAGE = YES_ERROR;
				CLANG_WARN_DOCUMENTATION_COMMENTS = YES;
				CLANG_WARN_EMPTY_BODY = YES;
				CLANG_WARN_ENUM_CONVERSION = YES;
				CLANG_WARN_INFINITE_RECURSION = YES;
				CLANG_WARN_INT_CONVERSION = YES;
				CLANG_WARN_NON_LITERAL_NULL_CONVERSION = YES;
				CLANG_WARN_OBJC_IMPLICIT_RETAIN_SELF = YES;
				CLANG_WARN_OBJC_LITERAL_CONVERSION = YES;
				CLANG_WARN_OBJC_ROOT_CLASS = YES_ERROR;
				CLANG_WARN_RANGE_LOOP_ANALYSIS = YES;
				CLANG_WARN_STRICT_PROTOTYPES = YES;
				CLANG_WARN_SUSPICIOUS_MOVE = YES;
				CLANG_WARN_UNGUARDED_AVAILABILITY = YES_AGGRESSIVE;
				CLANG_WARN_UNREACHABLE_CODE = YES;
				CLANG_WARN__DUPLICATE_METHOD_MATCH = YES;
				COPY_PHASE_STRIP = NO;
				DEBUG_INFORMATION_FORMAT = dwarf;
				ENABLE_STRICT_OBJC_MSGSEND = YES;
				ENABLE_TESTABILITY = YES;
				GCC_C_LANGUAGE_STANDARD = gnu11;
				GCC_DYNAMIC_NO_PIC = NO;
				GCC_NO_COMMON_BLOCKS = YES;
				GCC_OPTIMIZATION_LEVEL = 0;
				GCC_PREPROCESSOR_DEFINITIONS = (
					"DEBUG=1",
					"$(inherited)",
				);
				GCC_WARN_64_TO_32_BIT_CONVERSION = YES;
				GCC_WARN_ABOUT_RETURN_TYPE = YES_ERROR;
				GCC_WARN_UNDECLARED_SELECTOR = YES;
				GCC_WARN_UNINITIALIZED_AUTOS = YES_AGGRESSIVE;
				GCC_WARN_UNUSED_FUNCTION = YES;
				GCC_WARN_UNUSED_VARIABLE = YES;
				IPHONEOS_DEPLOYMENT_TARGET = 13.6;
				MTL_ENABLE_DEBUG_INFO = INCLUDE_SOURCE;
				MTL_FAST_MATH = YES;
				ONLY_ACTIVE_ARCH = YES;
				SDKROOT = iphoneos;
				SWIFT_ACTIVE_COMPILATION_CONDITIONS = DEBUG;
				SWIFT_OPTIMIZATION_LEVEL = "-Onone";
			};
			name = Debug;
		};
		184DECD924D21ABD004247E1 /* Release */ = {
			isa = XCBuildConfiguration;
			buildSettings = {
				ALWAYS_SEARCH_USER_PATHS = NO;
				CLANG_ANALYZER_NONNULL = YES;
				CLANG_ANALYZER_NUMBER_OBJECT_CONVERSION = YES_AGGRESSIVE;
				CLANG_CXX_LANGUAGE_STANDARD = "gnu++14";
				CLANG_CXX_LIBRARY = "libc++";
				CLANG_ENABLE_MODULES = YES;
				CLANG_ENABLE_OBJC_ARC = YES;
				CLANG_ENABLE_OBJC_WEAK = YES;
				CLANG_WARN_BLOCK_CAPTURE_AUTORELEASING = YES;
				CLANG_WARN_BOOL_CONVERSION = YES;
				CLANG_WARN_COMMA = YES;
				CLANG_WARN_CONSTANT_CONVERSION = YES;
				CLANG_WARN_DEPRECATED_OBJC_IMPLEMENTATIONS = YES;
				CLANG_WARN_DIRECT_OBJC_ISA_USAGE = YES_ERROR;
				CLANG_WARN_DOCUMENTATION_COMMENTS = YES;
				CLANG_WARN_EMPTY_BODY = YES;
				CLANG_WARN_ENUM_CONVERSION = YES;
				CLANG_WARN_INFINITE_RECURSION = YES;
				CLANG_WARN_INT_CONVERSION = YES;
				CLANG_WARN_NON_LITERAL_NULL_CONVERSION = YES;
				CLANG_WARN_OBJC_IMPLICIT_RETAIN_SELF = YES;
				CLANG_WARN_OBJC_LITERAL_CONVERSION = YES;
				CLANG_WARN_OBJC_ROOT_CLASS = YES_ERROR;
				CLANG_WARN_RANGE_LOOP_ANALYSIS = YES;
				CLANG_WARN_STRICT_PROTOTYPES = YES;
				CLANG_WARN_SUSPICIOUS_MOVE = YES;
				CLANG_WARN_UNGUARDED_AVAILABILITY = YES_AGGRESSIVE;
				CLANG_WARN_UNREACHABLE_CODE = YES;
				CLANG_WARN__DUPLICATE_METHOD_MATCH = YES;
				COPY_PHASE_STRIP = NO;
				DEBUG_INFORMATION_FORMAT = "dwarf-with-dsym";
				ENABLE_NS_ASSERTIONS = NO;
				ENABLE_STRICT_OBJC_MSGSEND = YES;
				GCC_C_LANGUAGE_STANDARD = gnu11;
				GCC_NO_COMMON_BLOCKS = YES;
				GCC_WARN_64_TO_32_BIT_CONVERSION = YES;
				GCC_WARN_ABOUT_RETURN_TYPE = YES_ERROR;
				GCC_WARN_UNDECLARED_SELECTOR = YES;
				GCC_WARN_UNINITIALIZED_AUTOS = YES_AGGRESSIVE;
				GCC_WARN_UNUSED_FUNCTION = YES;
				GCC_WARN_UNUSED_VARIABLE = YES;
				IPHONEOS_DEPLOYMENT_TARGET = 13.6;
				MTL_ENABLE_DEBUG_INFO = NO;
				MTL_FAST_MATH = YES;
				SDKROOT = iphoneos;
				SWIFT_COMPILATION_MODE = wholemodule;
				SWIFT_OPTIMIZATION_LEVEL = "-O";
				VALIDATE_PRODUCT = YES;
			};
			name = Release;
		};
		184DECDB24D21ABD004247E1 /* Debug */ = {
			isa = XCBuildConfiguration;
			buildSettings = {
				ASSETCATALOG_COMPILER_APPICON_NAME = AppIcon;
				CODE_SIGN_STYLE = Automatic;
				DEVELOPMENT_TEAM = CXK6CY3MPT;
				INFOPLIST_FILE = HangManGameDay41/Info.plist;
				IPHONEOS_DEPLOYMENT_TARGET = 13.0;
				LD_RUNPATH_SEARCH_PATHS = (
					"$(inherited)",
					"@executable_path/Frameworks",
				);
				PRODUCT_BUNDLE_IDENTIFIER = somfish.100.HangManGameDay41;
				PRODUCT_NAME = "$(TARGET_NAME)";
				SWIFT_VERSION = 5.0;
				TARGETED_DEVICE_FAMILY = 1;
			};
			name = Debug;
		};
		184DECDC24D21ABD004247E1 /* Release */ = {
			isa = XCBuildConfiguration;
			buildSettings = {
				ASSETCATALOG_COMPILER_APPICON_NAME = AppIcon;
				CODE_SIGN_STYLE = Automatic;
				DEVELOPMENT_TEAM = CXK6CY3MPT;
				INFOPLIST_FILE = HangManGameDay41/Info.plist;
				IPHONEOS_DEPLOYMENT_TARGET = 13.0;
				LD_RUNPATH_SEARCH_PATHS = (
					"$(inherited)",
					"@executable_path/Frameworks",
				);
				PRODUCT_BUNDLE_IDENTIFIER = somfish.100.HangManGameDay41;
				PRODUCT_NAME = "$(TARGET_NAME)";
				SWIFT_VERSION = 5.0;
				TARGETED_DEVICE_FAMILY = 1;
			};
			name = Release;
		};
/* End XCBuildConfiguration section */

/* Begin XCConfigurationList section */
		184DECC124D21ABB004247E1 /* Build configuration list for PBXProject "HangManGameDay41" */ = {
			isa = XCConfigurationList;
			buildConfigurations = (
				184DECD824D21ABD004247E1 /* Debug */,
				184DECD924D21ABD004247E1 /* Release */,
			);
			defaultConfigurationIsVisible = 0;
			defaultConfigurationName = Release;
		};
		184DECDA24D21ABD004247E1 /* Build configuration list for PBXNativeTarget "HangManGameDay41" */ = {
			isa = XCConfigurationList;
			buildConfigurations = (
				184DECDB24D21ABD004247E1 /* Debug */,
				184DECDC24D21ABD004247E1 /* Release */,
			);
			defaultConfigurationIsVisible = 0;
			defaultConfigurationName = Release;
		};
/* End XCConfigurationList section */
	};
	rootObject = 184DECBE24D21ABB004247E1 /* Project object */;
}
